
Microsoft Visual Studio Solution File, Format Version 12.00
# Visual Studio 15
VisualStudioVersion = 15.0.27130.2027
MinimumVisualStudioVersion = 10.0.40219.1
Project("{888888A0-9F3D-457C-B088-3A5042F75D52}") = "gh_user", "gh_user\gh_user.pyproj", "{6F2C21DC-1DE5-4BE2-88B8-598349552857}"
EndProject
Global
	GlobalSection(SolutionConfigurationPlatforms) = preSolution
		Debug|Any CPU = Debug|Any CPU
		Release|Any CPU = Release|Any CPU
	EndGlobalSection
	GlobalSection(ProjectConfigurationPlatforms) = postSolution
		{6F2C21DC-1DE5-4BE2-88B8-598349552857}.Debug|Any CPU.ActiveCfg = Debug|Any CPU
		{6F2C21DC-1DE5-4BE2-88B8-598349552857}.Release|Any CPU.ActiveCfg = Release|Any CPU
	EndGlobalSection
	GlobalSection(SolutionProperties) = preSolution
		HideSolutionNode = FALSE
	EndGlobalSection
	GlobalSection(ExtensibilityGlobals) = postSolution
		SolutionGuid = {4B7B62E8-4F54-4D2F-9208-0CDD291CDF8C}
	EndGlobalSection
EndGlobal
